
Microsoft Visual Studio Solution File, Format Version 12.00
# Visual Studio Version 16
VisualStudioVersion = 16.0.30225.117
MinimumVisualStudioVersion = 10.0.40219.1
Project("{FAE04EC0-301F-11D3-BF4B-00C04F79EFBC}") = "PDF_Search", "ConsoleApp1\PDF_Search.csproj", "{B527CF31-DA82-4AA7-B037-376922E7E55B}"
EndProject
Global
	GlobalSection(SolutionConfigurationPlatforms) = preSolution
		Debug|Any CPU = Debug|Any CPU
		Release|Any CPU = Release|Any CPU
	EndGlobalSection
	GlobalSection(ProjectConfigurationPlatforms) = postSolution
		{B527CF31-DA82-4AA7-B037-376922E7E55B}.Debug|Any CPU.ActiveCfg = Debug|Any CPU
		{B527CF31-DA82-4AA7-B037-376922E7E55B}.Debug|Any CPU.Build.0 = Debug|Any CPU
		{B527CF31-DA82-4AA7-B037-376922E7E55B}.Release|Any CPU.ActiveCfg = Release|Any CPU
		{B527CF31-DA82-4AA7-B037-376922E7E55B}.Release|Any CPU.Build.0 = Release|Any CPU
	EndGlobalSection
	GlobalSection(SolutionProperties) = preSolution
		HideSolutionNode = FALSE
	EndGlobalSection
	GlobalSection(ExtensibilityGlobals) = postSolution
		SolutionGuid = {88FB0A4F-26BD-408E-A3A6-8EB76C6751E3}
	EndGlobalSection
EndGlobal
